
Microsoft Visual Studio Solution File, Format Version 12.00
# Visual Studio Version 16
VisualStudioVersion = 16.0.31205.134
MinimumVisualStudioVersion = 10.0.40219.1
Project("{FAE04EC0-301F-11D3-BF4B-00C04F79EFBC}") = "web_bro1", "web_bro1\web_bro1.csproj", "{3AADE13F-6484-478D-8F8F-79B52CE9AA11}"
EndProject
Global
	GlobalSection(SolutionConfigurationPlatforms) = preSolution
		Debug|Any CPU = Debug|Any CPU
		Release|Any CPU = Release|Any CPU
	EndGlobalSection
	GlobalSection(ProjectConfigurationPlatforms) = postSolution
		{3AADE13F-6484-478D-8F8F-79B52CE9AA11}.Debug|Any CPU.ActiveCfg = Debug|Any CPU
		{3AADE13F-6484-478D-8F8F-79B52CE9AA11}.Debug|Any CPU.Build.0 = Debug|Any CPU
		{3AADE13F-6484-478D-8F8F-79B52CE9AA11}.Release|Any CPU.ActiveCfg = Release|Any CPU
		{3AADE13F-6484-478D-8F8F-79B52CE9AA11}.Release|Any CPU.Build.0 = Release|Any CPU
	EndGlobalSection
	GlobalSection(SolutionProperties) = preSolution
		HideSolutionNode = FALSE
	EndGlobalSection
	GlobalSection(ExtensibilityGlobals) = postSolution
		SolutionGuid = {8514109C-9384-4FD1-8501-068157870877}
	EndGlobalSection
EndGlobal
